
Microsoft Visual Studio Solution File, Format Version 12.00
# Visual Studio Version 17
VisualStudioVersion = 17.4.33122.133
MinimumVisualStudioVersion = 10.0.40219.1
Project("{FAE04EC0-301F-11D3-BF4B-00C04F79EFBC}") = "Day07", "Day07\Day07.csproj", "{92D9A3B7-F9B8-4C50-BDB6-63A2FD5CA3E5}"
EndProject
Global
	GlobalSection(SolutionConfigurationPlatforms) = preSolution
		Debug|Any CPU = Debug|Any CPU
		Release|Any CPU = Release|Any CPU
	EndGlobalSection
	GlobalSection(ProjectConfigurationPlatforms) = postSolution
		{92D9A3B7-F9B8-4C50-BDB6-63A2FD5CA3E5}.Debug|Any CPU.ActiveCfg = Debug|Any CPU
		{92D9A3B7-F9B8-4C50-BDB6-63A2FD5CA3E5}.Debug|Any CPU.Build.0 = Debug|Any CPU
		{92D9A3B7-F9B8-4C50-BDB6-63A2FD5CA3E5}.Release|Any CPU.ActiveCfg = Release|Any CPU
		{92D9A3B7-F9B8-4C50-BDB6-63A2FD5CA3E5}.Release|Any CPU.Build.0 = Release|Any CPU
	EndGlobalSection
	GlobalSection(SolutionProperties) = preSolution
		HideSolutionNode = FALSE
	EndGlobalSection
	GlobalSection(ExtensibilityGlobals) = postSolution
		SolutionGuid = {9E569EB8-8457-442A-A7F6-F1FF707E1CE9}
	EndGlobalSection
EndGlobal
